
Microsoft Visual Studio Solution File, Format Version 12.00
# Visual Studio Version 17
VisualStudioVersion = 17.10.34707.107
MinimumVisualStudioVersion = 10.0.40219.1
Project("{9A19103F-16F7-4668-BE54-9A1E7A4F7556}") = "CoursesShop.API", "CoursesShop.API\CoursesShop.API.csproj", "{A07BC1B2-4B99-480C-8728-601138B79C5D}"
EndProject
Project("{9A19103F-16F7-4668-BE54-9A1E7A4F7556}") = "CoursesShop.Core", "CoursesShop.Core\CoursesShop.Core.csproj", "{23727B34-4842-4E47-BD02-FF957EF520EE}"
EndProject
Project("{9A19103F-16F7-4668-BE54-9A1E7A4F7556}") = "CoursesShop.Data", "CoursesShop.Data\CoursesShop.Data.csproj", "{5D8B2B20-F287-4D9B-9343-9BE317F898E4}"
EndProject
Project("{9A19103F-16F7-4668-BE54-9A1E7A4F7556}") = "CoursesShop.Service", "CoursesShop.Service\CoursesShop.Service.csproj", "{F610F510-DD51-4CA4-A56E-D312A6C7C352}"
EndProject
Project("{9A19103F-16F7-4668-BE54-9A1E7A4F7556}") = "CoursesShop.Infrastructure", "CoursesShop.Infrastructre\CoursesShop.Infrastructure.csproj", "{826089F8-BBA1-4BB8-BAE8-8333F6CF17BE}"
EndProject
Project("{2150E333-8FDC-42A3-9474-1A3956D46DE8}") = "src", "src", "{83996161-6B14-4D35-A447-144A605BF8D7}"
EndProject
Project("{2150E333-8FDC-42A3-9474-1A3956D46DE8}") = "tests", "tests", "{6D851343-146B-4593-8BBD-3692720544C0}"
EndProject
Global
	GlobalSection(SolutionConfigurationPlatforms) = preSolution
		Debug|Any CPU = Debug|Any CPU
		Release|Any CPU = Release|Any CPU
	EndGlobalSection
	GlobalSection(ProjectConfigurationPlatforms) = postSolution
		{A07BC1B2-4B99-480C-8728-601138B79C5D}.Debug|Any CPU.ActiveCfg = Debug|Any CPU
		{A07BC1B2-4B99-480C-8728-601138B79C5D}.Debug|Any CPU.Build.0 = Debug|Any CPU
		{A07BC1B2-4B99-480C-8728-601138B79C5D}.Release|Any CPU.ActiveCfg = Release|Any CPU
		{A07BC1B2-4B99-480C-8728-601138B79C5D}.Release|Any CPU.Build.0 = Release|Any CPU
		{23727B34-4842-4E47-BD02-FF957EF520EE}.Debug|Any CPU.ActiveCfg = Debug|Any CPU
		{23727B34-4842-4E47-BD02-FF957EF520EE}.Debug|Any CPU.Build.0 = Debug|Any CPU
		{23727B34-4842-4E47-BD02-FF957EF520EE}.Release|Any CPU.ActiveCfg = Release|Any CPU
		{23727B34-4842-4E47-BD02-FF957EF520EE}.Release|Any CPU.Build.0 = Release|Any CPU
		{5D8B2B20-F287-4D9B-9343-9BE317F898E4}.Debug|Any CPU.ActiveCfg = Debug|Any CPU
		{5D8B2B20-F287-4D9B-9343-9BE317F898E4}.Debug|Any CPU.Build.0 = Debug|Any CPU
		{5D8B2B20-F287-4D9B-9343-9BE317F898E4}.Release|Any CPU.ActiveCfg = Release|Any CPU
		{5D8B2B20-F287-4D9B-9343-9BE317F898E4}.Release|Any CPU.Build.0 = Release|Any CPU
		{F610F510-DD51-4CA4-A56E-D312A6C7C352}.Debug|Any CPU.ActiveCfg = Debug|Any CPU
		{F610F510-DD51-4CA4-A56E-D312A6C7C352}.Debug|Any CPU.Build.0 = Debug|Any CPU
		{F610F510-DD51-4CA4-A56E-D312A6C7C352}.Release|Any CPU.ActiveCfg = Release|Any CPU
		{F610F510-DD51-4CA4-A56E-D312A6C7C352}.Release|Any CPU.Build.0 = Release|Any CPU
		{826089F8-BBA1-4BB8-BAE8-8333F6CF17BE}.Debug|Any CPU.ActiveCfg = Debug|Any CPU
		{826089F8-BBA1-4BB8-BAE8-8333F6CF17BE}.Debug|Any CPU.Build.0 = Debug|Any CPU
		{826089F8-BBA1-4BB8-BAE8-8333F6CF17BE}.Release|Any CPU.ActiveCfg = Release|Any CPU
		{826089F8-BBA1-4BB8-BAE8-8333F6CF17BE}.Release|Any CPU.Build.0 = Release|Any CPU
	EndGlobalSection
	GlobalSection(SolutionProperties) = preSolution
		HideSolutionNode = FALSE
	EndGlobalSection
	GlobalSection(NestedProjects) = preSolution
		{A07BC1B2-4B99-480C-8728-601138B79C5D} = {83996161-6B14-4D35-A447-144A605BF8D7}
		{23727B34-4842-4E47-BD02-FF957EF520EE} = {83996161-6B14-4D35-A447-144A605BF8D7}
		{5D8B2B20-F287-4D9B-9343-9BE317F898E4} = {83996161-6B14-4D35-A447-144A605BF8D7}
		{F610F510-DD51-4CA4-A56E-D312A6C7C352} = {83996161-6B14-4D35-A447-144A605BF8D7}
		{826089F8-BBA1-4BB8-BAE8-8333F6CF17BE} = {83996161-6B14-4D35-A447-144A605BF8D7}
	EndGlobalSection
	GlobalSection(ExtensibilityGlobals) = postSolution
		SolutionGuid = {499B2158-148D-4C13-AF3C-C94E93DF0F50}
	EndGlobalSection
EndGlobal
